
Microsoft Visual Studio Solution File, Format Version 12.00
# Visual Studio Version 17
VisualStudioVersion = 17.4.33122.133
MinimumVisualStudioVersion = 10.0.40219.1
Project("{FAE04EC0-301F-11D3-BF4B-00C04F79EFBC}") = "M11105506_two_tier", "M11105506_two_tier\M11105506_two_tier.csproj", "{A1C0B7DC-53B2-48FC-81F3-4A1EAB4EFB21}"
EndProject
Global
	GlobalSection(SolutionConfigurationPlatforms) = preSolution
		Debug|Any CPU = Debug|Any CPU
		Release|Any CPU = Release|Any CPU
	EndGlobalSection
	GlobalSection(ProjectConfigurationPlatforms) = postSolution
		{A1C0B7DC-53B2-48FC-81F3-4A1EAB4EFB21}.Debug|Any CPU.ActiveCfg = Debug|Any CPU
		{A1C0B7DC-53B2-48FC-81F3-4A1EAB4EFB21}.Debug|Any CPU.Build.0 = Debug|Any CPU
		{A1C0B7DC-53B2-48FC-81F3-4A1EAB4EFB21}.Release|Any CPU.ActiveCfg = Release|Any CPU
		{A1C0B7DC-53B2-48FC-81F3-4A1EAB4EFB21}.Release|Any CPU.Build.0 = Release|Any CPU
	EndGlobalSection
	GlobalSection(SolutionProperties) = preSolution
		HideSolutionNode = FALSE
	EndGlobalSection
	GlobalSection(ExtensibilityGlobals) = postSolution
		SolutionGuid = {F06CB6CD-BC9B-4473-9AF2-084D7D22BB0D}
	EndGlobalSection
EndGlobal
